
Microsoft Visual Studio Solution File, Format Version 12.00
# Visual Studio Version 17
VisualStudioVersion = 17.8.34525.116
MinimumVisualStudioVersion = 10.0.40219.1
Project("{9A19103F-16F7-4668-BE54-9A1E7A4F7556}") = "Web", "Web\Web.csproj", "{3CB2A023-C4E9-4FD1-8856-366AC41ED857}"
EndProject
Project("{9A19103F-16F7-4668-BE54-9A1E7A4F7556}") = "Domain", "Domain\Domain.csproj", "{25B6DEBA-7332-4CC8-A6E5-0EA9C463BA6B}"
EndProject
Project("{9A19103F-16F7-4668-BE54-9A1E7A4F7556}") = "UnitTests", "UnitTests\UnitTests.csproj", "{44D42AC7-BAE5-4ED6-B0B3-D5AF08402275}"
EndProject
Project("{9A19103F-16F7-4668-BE54-9A1E7A4F7556}") = "Infra", "Infra\Infra.csproj", "{54946DAB-542F-4B0E-B64B-1A5F984E69E1}"
EndProject
Global
	GlobalSection(SolutionConfigurationPlatforms) = preSolution
		Debug|Any CPU = Debug|Any CPU
		Release|Any CPU = Release|Any CPU
	EndGlobalSection
	GlobalSection(ProjectConfigurationPlatforms) = postSolution
		{3CB2A023-C4E9-4FD1-8856-366AC41ED857}.Debug|Any CPU.ActiveCfg = Debug|Any CPU
		{3CB2A023-C4E9-4FD1-8856-366AC41ED857}.Debug|Any CPU.Build.0 = Debug|Any CPU
		{3CB2A023-C4E9-4FD1-8856-366AC41ED857}.Release|Any CPU.ActiveCfg = Release|Any CPU
		{3CB2A023-C4E9-4FD1-8856-366AC41ED857}.Release|Any CPU.Build.0 = Release|Any CPU
		{25B6DEBA-7332-4CC8-A6E5-0EA9C463BA6B}.Debug|Any CPU.ActiveCfg = Debug|Any CPU
		{25B6DEBA-7332-4CC8-A6E5-0EA9C463BA6B}.Debug|Any CPU.Build.0 = Debug|Any CPU
		{25B6DEBA-7332-4CC8-A6E5-0EA9C463BA6B}.Release|Any CPU.ActiveCfg = Release|Any CPU
		{25B6DEBA-7332-4CC8-A6E5-0EA9C463BA6B}.Release|Any CPU.Build.0 = Release|Any CPU
		{44D42AC7-BAE5-4ED6-B0B3-D5AF08402275}.Debug|Any CPU.ActiveCfg = Debug|Any CPU
		{44D42AC7-BAE5-4ED6-B0B3-D5AF08402275}.Debug|Any CPU.Build.0 = Debug|Any CPU
		{44D42AC7-BAE5-4ED6-B0B3-D5AF08402275}.Release|Any CPU.ActiveCfg = Release|Any CPU
		{44D42AC7-BAE5-4ED6-B0B3-D5AF08402275}.Release|Any CPU.Build.0 = Release|Any CPU
		{54946DAB-542F-4B0E-B64B-1A5F984E69E1}.Debug|Any CPU.ActiveCfg = Debug|Any CPU
		{54946DAB-542F-4B0E-B64B-1A5F984E69E1}.Debug|Any CPU.Build.0 = Debug|Any CPU
		{54946DAB-542F-4B0E-B64B-1A5F984E69E1}.Release|Any CPU.ActiveCfg = Release|Any CPU
		{54946DAB-542F-4B0E-B64B-1A5F984E69E1}.Release|Any CPU.Build.0 = Release|Any CPU
	EndGlobalSection
	GlobalSection(SolutionProperties) = preSolution
		HideSolutionNode = FALSE
	EndGlobalSection
	GlobalSection(ExtensibilityGlobals) = postSolution
		SolutionGuid = {3A960D55-ACFC-4C76-8F74-255971E82319}
	EndGlobalSection
EndGlobal
